
Microsoft Visual Studio Solution File, Format Version 12.00
# Visual Studio Version 17
VisualStudioVersion = 17.4.33213.308
MinimumVisualStudioVersion = 10.0.40219.1
Project("{FAE04EC0-301F-11D3-BF4B-00C04F79EFBC}") = "MatrixCalculatorFormsApp4", "MatrixCalculatorFormsApp4\MatrixCalculatorFormsApp4.csproj", "{E4EC8929-0790-43D6-9DF5-3D8B379516E4}"
EndProject
Project("{FAE04EC0-301F-11D3-BF4B-00C04F79EFBC}") = "MatrixCalculatorFormsApp4UnitTest", "MatrixCalculatorFormsApp4UnitTest\MatrixCalculatorFormsApp4UnitTest.csproj", "{6CB30F24-C5B1-4017-A4AB-22AD793F5B5A}"
EndProject
Global
	GlobalSection(SolutionConfigurationPlatforms) = preSolution
		Debug|Any CPU = Debug|Any CPU
		Release|Any CPU = Release|Any CPU
	EndGlobalSection
	GlobalSection(ProjectConfigurationPlatforms) = postSolution
		{E4EC8929-0790-43D6-9DF5-3D8B379516E4}.Debug|Any CPU.ActiveCfg = Debug|Any CPU
		{E4EC8929-0790-43D6-9DF5-3D8B379516E4}.Debug|Any CPU.Build.0 = Debug|Any CPU
		{E4EC8929-0790-43D6-9DF5-3D8B379516E4}.Release|Any CPU.ActiveCfg = Release|Any CPU
		{E4EC8929-0790-43D6-9DF5-3D8B379516E4}.Release|Any CPU.Build.0 = Release|Any CPU
		{6CB30F24-C5B1-4017-A4AB-22AD793F5B5A}.Debug|Any CPU.ActiveCfg = Debug|Any CPU
		{6CB30F24-C5B1-4017-A4AB-22AD793F5B5A}.Debug|Any CPU.Build.0 = Debug|Any CPU
		{6CB30F24-C5B1-4017-A4AB-22AD793F5B5A}.Release|Any CPU.ActiveCfg = Release|Any CPU
		{6CB30F24-C5B1-4017-A4AB-22AD793F5B5A}.Release|Any CPU.Build.0 = Release|Any CPU
	EndGlobalSection
	GlobalSection(SolutionProperties) = preSolution
		HideSolutionNode = FALSE
	EndGlobalSection
	GlobalSection(ExtensibilityGlobals) = postSolution
		SolutionGuid = {6C73687E-73DA-4EEB-BC10-595B6DF876BA}
	EndGlobalSection
EndGlobal
